
Microsoft Visual Studio Solution File, Format Version 12.00
# Visual Studio 2013
VisualStudioVersion = 12.0.21005.1
MinimumVisualStudioVersion = 10.0.40219.1
Project("{FAE04EC0-301F-11D3-BF4B-00C04F79EFBC}") = "GrainInterfaces", "GrainInterfaces\GrainInterfaces.csproj", "{2A1C39AD-3CCE-4F43-A84B-C0491BEF1818}"
EndProject
Project("{FAE04EC0-301F-11D3-BF4B-00C04F79EFBC}") = "DedicatedServer", "GameSimulator\DedicatedServer.csproj", "{6E49FD4F-BCE1-4974-866B-D9D4C1E178CD}"
EndProject
Project("{FAE04EC0-301F-11D3-BF4B-00C04F79EFBC}") = "OrleansSilo", "OrleansSilo\OrleansSilo.csproj", "{0031B856-96D9-4DFA-A959-B140BDCF52C1}"
EndProject
Project("{FAE04EC0-301F-11D3-BF4B-00C04F79EFBC}") = "Common", "PacketDefinition\Common.csproj", "{E1F29CA6-0239-4938-9C77-91F2A3A454F2}"
EndProject
Project("{FAE04EC0-301F-11D3-BF4B-00C04F79EFBC}") = "StorageProvider", "StorageProvider\StorageProvider.csproj", "{8A16E1CF-BDB3-49B0-891D-01B0F74C6746}"
EndProject
Project("{FAE04EC0-301F-11D3-BF4B-00C04F79EFBC}") = "GrainImpl", "GrainImpl\GrainImpl.csproj", "{9B6F6BF8-7133-46BE-B112-E7B6BF015A9A}"
EndProject
Project("{FAE04EC0-301F-11D3-BF4B-00C04F79EFBC}") = "ProcessManager", "ProcessManager\ProcessManager.csproj", "{15B91214-135D-457C-8310-31A313D05B23}"
EndProject
Project("{FAE04EC0-301F-11D3-BF4B-00C04F79EFBC}") = "LoadGenerator", "LoadGenerator\LoadGenerator.csproj", "{C2D3A4F3-050D-4152-8A33-B45AF39059F5}"
EndProject
Global
	GlobalSection(SolutionConfigurationPlatforms) = preSolution
		Debug|Any CPU = Debug|Any CPU
		Release|Any CPU = Release|Any CPU
	EndGlobalSection
	GlobalSection(ProjectConfigurationPlatforms) = postSolution
		{2A1C39AD-3CCE-4F43-A84B-C0491BEF1818}.Debug|Any CPU.ActiveCfg = Debug|Any CPU
		{2A1C39AD-3CCE-4F43-A84B-C0491BEF1818}.Debug|Any CPU.Build.0 = Debug|Any CPU
		{2A1C39AD-3CCE-4F43-A84B-C0491BEF1818}.Release|Any CPU.ActiveCfg = Release|Any CPU
		{2A1C39AD-3CCE-4F43-A84B-C0491BEF1818}.Release|Any CPU.Build.0 = Release|Any CPU
		{6E49FD4F-BCE1-4974-866B-D9D4C1E178CD}.Debug|Any CPU.ActiveCfg = Debug|Any CPU
		{6E49FD4F-BCE1-4974-866B-D9D4C1E178CD}.Debug|Any CPU.Build.0 = Debug|Any CPU
		{6E49FD4F-BCE1-4974-866B-D9D4C1E178CD}.Release|Any CPU.ActiveCfg = Release|Any CPU
		{6E49FD4F-BCE1-4974-866B-D9D4C1E178CD}.Release|Any CPU.Build.0 = Release|Any CPU
		{0031B856-96D9-4DFA-A959-B140BDCF52C1}.Debug|Any CPU.ActiveCfg = Debug|Any CPU
		{0031B856-96D9-4DFA-A959-B140BDCF52C1}.Debug|Any CPU.Build.0 = Debug|Any CPU
		{0031B856-96D9-4DFA-A959-B140BDCF52C1}.Release|Any CPU.ActiveCfg = Release|Any CPU
		{0031B856-96D9-4DFA-A959-B140BDCF52C1}.Release|Any CPU.Build.0 = Release|Any CPU
		{E1F29CA6-0239-4938-9C77-91F2A3A454F2}.Debug|Any CPU.ActiveCfg = Debug|Any CPU
		{E1F29CA6-0239-4938-9C77-91F2A3A454F2}.Debug|Any CPU.Build.0 = Debug|Any CPU
		{E1F29CA6-0239-4938-9C77-91F2A3A454F2}.Release|Any CPU.ActiveCfg = Release|Any CPU
		{E1F29CA6-0239-4938-9C77-91F2A3A454F2}.Release|Any CPU.Build.0 = Release|Any CPU
		{8A16E1CF-BDB3-49B0-891D-01B0F74C6746}.Debug|Any CPU.ActiveCfg = Debug|Any CPU
		{8A16E1CF-BDB3-49B0-891D-01B0F74C6746}.Debug|Any CPU.Build.0 = Debug|Any CPU
		{8A16E1CF-BDB3-49B0-891D-01B0F74C6746}.Release|Any CPU.ActiveCfg = Release|Any CPU
		{8A16E1CF-BDB3-49B0-891D-01B0F74C6746}.Release|Any CPU.Build.0 = Release|Any CPU
		{9B6F6BF8-7133-46BE-B112-E7B6BF015A9A}.Debug|Any CPU.ActiveCfg = Debug|Any CPU
		{9B6F6BF8-7133-46BE-B112-E7B6BF015A9A}.Debug|Any CPU.Build.0 = Debug|Any CPU
		{9B6F6BF8-7133-46BE-B112-E7B6BF015A9A}.Release|Any CPU.ActiveCfg = Release|Any CPU
		{9B6F6BF8-7133-46BE-B112-E7B6BF015A9A}.Release|Any CPU.Build.0 = Release|Any CPU
		{15B91214-135D-457C-8310-31A313D05B23}.Debug|Any CPU.ActiveCfg = Debug|Any CPU
		{15B91214-135D-457C-8310-31A313D05B23}.Debug|Any CPU.Build.0 = Debug|Any CPU
		{15B91214-135D-457C-8310-31A313D05B23}.Release|Any CPU.ActiveCfg = Release|Any CPU
		{15B91214-135D-457C-8310-31A313D05B23}.Release|Any CPU.Build.0 = Release|Any CPU
		{C2D3A4F3-050D-4152-8A33-B45AF39059F5}.Debug|Any CPU.ActiveCfg = Debug|Any CPU
		{C2D3A4F3-050D-4152-8A33-B45AF39059F5}.Debug|Any CPU.Build.0 = Debug|Any CPU
		{C2D3A4F3-050D-4152-8A33-B45AF39059F5}.Release|Any CPU.ActiveCfg = Release|Any CPU
		{C2D3A4F3-050D-4152-8A33-B45AF39059F5}.Release|Any CPU.Build.0 = Release|Any CPU
	EndGlobalSection
	GlobalSection(SolutionProperties) = preSolution
		HideSolutionNode = FALSE
	EndGlobalSection
EndGlobal
